// !$*UTF8*$!
{
	archiveVersion = 1;
	classes = {
	};
	objectVersion = 46;
	objects = {

/* Begin PBXBuildFile section */
		428160BF1ACA806200BB0235 /* main.m in Sources */ = {isa = PBXBuildFile; fileRef = 428160BE1ACA806200BB0235 /* main.m */; };
		428160C21ACA806200BB0235 /* AppDelegate.m in Sources */ = {isa = PBXBuildFile; fileRef = 428160C11ACA806200BB0235 /* AppDelegate.m */; };
		428160C51ACA806200BB0235 /* ViewController.m in Sources */ = {isa = PBXBuildFile; fileRef = 428160C41ACA806200BB0235 /* ViewController.m */; };
		428160C81ACA806200BB0235 /* Main.storyboard in Resources */ = {isa = PBXBuildFile; fileRef = 428160C61ACA806200BB0235 /* Main.storyboard */; };
		428160CA1ACA806200BB0235 /* Images.xcassets in Resources */ = {isa = PBXBuildFile; fileRef = 428160C91ACA806200BB0235 /* Images.xcassets */; };
		428160CD1ACA806200BB0235 /* LaunchScreen.xib in Resources */ = {isa = PBXBuildFile; fileRef = 428160CB1ACA806200BB0235 /* LaunchScreen.xib */; };
		428160D91ACA806200BB0235 /* _331ScrollViewPracticeTests.m in Sources */ = {isa = PBXBuildFile; fileRef = 428160D81ACA806200BB0235 /* _331ScrollViewPracticeTests.m */; };
		428160E51ACA8E1500BB0235 /* 000085160012.jpg in Resources */ = {isa = PBXBuildFile; fileRef = 428160E41ACA8E1500BB0235 /* 000085160012.jpg */; };
		428160E71ACA8E2200BB0235 /* 000085160018.jpg in Resources */ = {isa = PBXBuildFile; fileRef = 428160E61ACA8E2200BB0235 /* 000085160018.jpg */; };
		428160E91ACA8FDF00BB0235 /* 000085160021.jpg in Resources */ = {isa = PBXBuildFile; fileRef = 428160E81ACA8FDF00BB0235 /* 000085160021.jpg */; };
/* End PBXBuildFile section */

/* Begin PBXContainerItemProxy section */
		428160D31ACA806200BB0235 /* PBXContainerItemProxy */ = {
			isa = PBXContainerItemProxy;
			containerPortal = 428160B11ACA806200BB0235 /* Project object */;
			proxyType = 1;
			remoteGlobalIDString = 428160B81ACA806200BB0235;
			remoteInfo = 0331ScrollViewPractice;
		};
/* End PBXContainerItemProxy section */

/* Begin PBXFileReference section */
		428160B91ACA806200BB0235 /* 0331ScrollViewPractice.app */ = {isa = PBXFileReference; explicitFileType = wrapper.application; includeInIndex = 0; path = 0331ScrollViewPractice.app; sourceTree = BUILT_PRODUCTS_DIR; };
		428160BD1ACA806200BB0235 /* Info.plist */ = {isa = PBXFileReference; lastKnownFileType = text.plist.xml; path = Info.plist; sourceTree = "<group>"; };
		428160BE1ACA806200BB0235 /* main.m */ = {isa = PBXFileReference; lastKnownFileType = sourcecode.c.objc; path = main.m; sourceTree = "<group>"; };
		428160C01ACA806200BB0235 /* AppDelegate.h */ = {isa = PBXFileReference; lastKnownFileType = sourcecode.c.h; path = AppDelegate.h; sourceTree = "<group>"; };
		428160C11ACA806200BB0235 /* AppDelegate.m */ = {isa = PBXFileReference; lastKnownFileType = sourcecode.c.objc; path = AppDelegate.m; sourceTree = "<group>"; };
		428160C31ACA806200BB0235 /* ViewController.h */ = {isa = PBXFileReference; lastKnownFileType = sourcecode.c.h; path = ViewController.h; sourceTree = "<group>"; };
		428160C41ACA806200BB0235 /* ViewController.m */ = {isa = PBXFileReference; lastKnownFileType = sourcecode.c.objc; path = ViewController.m; sourceTree = "<group>"; };
		428160C71ACA806200BB0235 /* Base */ = {isa = PBXFileReference; lastKnownFileType = file.storyboard; name = Base; path = Base.lproj/Main.storyboard; sourceTree = "<group>"; };
		428160C91ACA806200BB0235 /* Images.xcassets */ = {isa = PBXFileReference; lastKnownFileType = folder.assetcatalog; path = Images.xcassets; sourceTree = "<group>"; };
		428160CC1ACA806200BB0235 /* Base */ = {isa = PBXFileReference; lastKnownFileType = file.xib; name = Base; path = Base.lproj/LaunchScreen.xib; sourceTree = "<group>"; };
		428160D21ACA806200BB0235 /* 0331ScrollViewPracticeTests.xctest */ = {isa = PBXFileReference; explicitFileType = wrapper.cfbundle; includeInIndex = 0; path = 0331ScrollViewPracticeTests.xctest; sourceTree = BUILT_PRODUCTS_DIR; };
		428160D71ACA806200BB0235 /* Info.plist */ = {isa = PBXFileReference; lastKnownFileType = text.plist.xml; path = Info.plist; sourceTree = "<group>"; };
		428160D81ACA806200BB0235 /* _331ScrollViewPracticeTests.m */ = {isa = PBXFileReference; lastKnownFileType = sourcecode.c.objc; path = _331ScrollViewPracticeTests.m; sourceTree = "<group>"; };
		428160E41ACA8E1500BB0235 /* 000085160012.jpg */ = {isa = PBXFileReference; lastKnownFileType = image.jpeg; path = 000085160012.jpg; sourceTree = "<group>"; };
		428160E61ACA8E2200BB0235 /* 000085160018.jpg */ = {isa = PBXFileReference; lastKnownFileType = image.jpeg; path = 000085160018.jpg; sourceTree = "<group>"; };
		428160E81ACA8FDF00BB0235 /* 000085160021.jpg */ = {isa = PBXFileReference; lastKnownFileType = image.jpeg; path = 000085160021.jpg; sourceTree = "<group>"; };
/* End PBXFileReference section */

/* Begin PBXFrameworksBuildPhase section */
		428160B61ACA806200BB0235 /* Frameworks */ = {
			isa = PBXFrameworksBuildPhase;
			buildActionMask = 2147483647;
			files = (
			);
			runOnlyForDeploymentPostprocessing = 0;
		};
		428160CF1ACA806200BB0235 /* Frameworks */ = {
			isa = PBXFrameworksBuildPhase;
			buildActionMask = 2147483647;
			files = (
			);
			runOnlyForDeploymentPostprocessing = 0;
		};
/* End PBXFrameworksBuildPhase section */

/* Begin PBXGroup section */
		428160B01ACA806200BB0235 = {
			isa = PBXGroup;
			children = (
				428160E41ACA8E1500BB0235 /* 000085160012.jpg */,
				428160E81ACA8FDF00BB0235 /* 000085160021.jpg */,
				428160E61ACA8E2200BB0235 /* 000085160018.jpg */,
				428160BB1ACA806200BB0235 /* 0331ScrollViewPractice */,
				428160D51ACA806200BB0235 /* 0331ScrollViewPracticeTests */,
				428160BA1ACA806200BB0235 /* Products */,
			);
			sourceTree = "<group>";
		};
		428160BA1ACA806200BB0235 /* Products */ = {
			isa = PBXGroup;
			children = (
				428160B91ACA806200BB0235 /* 0331ScrollViewPractice.app */,
				428160D21ACA806200BB0235 /* 0331ScrollViewPracticeTests.xctest */,
			);
			name = Products;
			sourceTree = "<group>";
		};
		428160BB1ACA806200BB0235 /* 0331ScrollViewPractice */ = {
			isa = PBXGroup;
			children = (
				428160C01ACA806200BB0235 /* AppDelegate.h */,
				428160C11ACA806200BB0235 /* AppDelegate.m */,
				428160C31ACA806200BB0235 /* ViewController.h */,
				428160C41ACA806200BB0235 /* ViewController.m */,
				428160C61ACA806200BB0235 /* Main.storyboard */,
				428160C91ACA806200BB0235 /* Images.xcassets */,
				428160CB1ACA806200BB0235 /* LaunchScreen.xib */,
				428160BC1ACA806200BB0235 /* Supporting Files */,
			);
			path = 0331ScrollViewPractice;
			sourceTree = "<group>";
		};
		428160BC1ACA806200BB0235 /* Supporting Files */ = {
			isa = PBXGroup;
			children = (
				428160BD1ACA806200BB0235 /* Info.plist */,
				428160BE1ACA806200BB0235 /* main.m */,
			);
			name = "Supporting Files";
			sourceTree = "<group>";
		};
		428160D51ACA806200BB0235 /* 0331ScrollViewPracticeTests */ = {
			isa = PBXGroup;
			children = (
				428160D81ACA806200BB0235 /* _331ScrollViewPracticeTests.m */,
				428160D61ACA806200BB0235 /* Supporting Files */,
			);
			path = 0331ScrollViewPracticeTests;
			sourceTree = "<group>";
		};
		428160D61ACA806200BB0235 /* Supporting Files */ = {
			isa = PBXGroup;
			children = (
				428160D71ACA806200BB0235 /* Info.plist */,
			);
			name = "Supporting Files";
			sourceTree = "<group>";
		};
/* End PBXGroup section */

/* Begin PBXNativeTarget section */
		428160B81ACA806200BB0235 /* 0331ScrollViewPractice */ = {
			isa = PBXNativeTarget;
			buildConfigurationList = 428160DC1ACA806200BB0235 /* Build configuration list for PBXNativeTarget "0331ScrollViewPractice" */;
			buildPhases = (
				428160B51ACA806200BB0235 /* Sources */,
				428160B61ACA806200BB0235 /* Frameworks */,
				428160B71ACA806200BB0235 /* Resources */,
			);
			buildRules = (
			);
			dependencies = (
			);
			name = 0331ScrollViewPractice;
			productName = 0331ScrollViewPractice;
			productReference = 428160B91ACA806200BB0235 /* 0331ScrollViewPractice.app */;
			productType = "com.apple.product-type.application";
		};
		428160D11ACA806200BB0235 /* 0331ScrollViewPracticeTests */ = {
			isa = PBXNativeTarget;
			buildConfigurationList = 428160DF1ACA806200BB0235 /* Build configuration list for PBXNativeTarget "0331ScrollViewPracticeTests" */;
			buildPhases = (
				428160CE1ACA806200BB0235 /* Sources */,
				428160CF1ACA806200BB0235 /* Frameworks */,
				428160D01ACA806200BB0235 /* Resources */,
			);
			buildRules = (
			);
			dependencies = (
				428160D41ACA806200BB0235 /* PBXTargetDependency */,
			);
			name = 0331ScrollViewPracticeTests;
			productName = 0331ScrollViewPracticeTests;
			productReference = 428160D21ACA806200BB0235 /* 0331ScrollViewPracticeTests.xctest */;
			productType = "com.apple.product-type.bundle.unit-test";
		};
/* End PBXNativeTarget section */

/* Begin PBXProject section */
		428160B11ACA806200BB0235 /* Project object */ = {
			isa = PBXProject;
			attributes = {
				LastUpgradeCheck = 0620;
				ORGANIZATIONNAME = AlphaCamp;
				TargetAttributes = {
					428160B81ACA806200BB0235 = {
						CreatedOnToolsVersion = 6.2;
					};
					428160D11ACA806200BB0235 = {
						CreatedOnToolsVersion = 6.2;
						TestTargetID = 428160B81ACA806200BB0235;
					};
				};
			};
			buildConfigurationList = 428160B41ACA806200BB0235 /* Build configuration list for PBXProject "0331ScrollViewPractice" */;
			compatibilityVersion = "Xcode 3.2";
			developmentRegion = English;
			hasScannedForEncodings = 0;
			knownRegions = (
				en,
				Base,
			);
			mainGroup = 428160B01ACA806200BB0235;
			productRefGroup = 428160BA1ACA806200BB0235 /* Products */;
			projectDirPath = "";
			projectRoot = "";
			targets = (
				428160B81ACA806200BB0235 /* 0331ScrollViewPractice */,
				428160D11ACA806200BB0235 /* 0331ScrollViewPracticeTests */,
			);
		};
/* End PBXProject section */

/* Begin PBXResourcesBuildPhase section */
		428160B71ACA806200BB0235 /* Resources */ = {
			isa = PBXResourcesBuildPhase;
			buildActionMask = 2147483647;
			files = (
				428160E71ACA8E2200BB0235 /* 000085160018.jpg in Resources */,
				428160E51ACA8E1500BB0235 /* 000085160012.jpg in Resources */,
				428160C81ACA806200BB0235 /* Main.storyboard in Resources */,
				428160CD1ACA806200BB0235 /* LaunchScreen.xib in Resources */,
				428160E91ACA8FDF00BB0235 /* 000085160021.jpg in Resources */,
				428160CA1ACA806200BB0235 /* Images.xcassets in Resources */,
			);
			runOnlyForDeploymentPostprocessing = 0;
		};
		428160D01ACA806200BB0235 /* Resources */ = {
			isa = PBXResourcesBuildPhase;
			buildActionMask = 2147483647;
			files = (
			);
			runOnlyForDeploymentPostprocessing = 0;
		};
/* End PBXResourcesBuildPhase section */

/* Begin PBXSourcesBuildPhase section */
		428160B51ACA806200BB0235 /* Sources */ = {
			isa = PBXSourcesBuildPhase;
			buildActionMask = 2147483647;
			files = (
				428160C51ACA806200BB0235 /* ViewController.m in Sources */,
				428160C21ACA806200BB0235 /* AppDelegate.m in Sources */,
				428160BF1ACA806200BB0235 /* main.m in Sources */,
			);
			runOnlyForDeploymentPostprocessing = 0;
		};
		428160CE1ACA806200BB0235 /* Sources */ = {
			isa = PBXSourcesBuildPhase;
			buildActionMask = 2147483647;
			files = (
				428160D91ACA806200BB0235 /* _331ScrollViewPracticeTests.m in Sources */,
			);
			runOnlyForDeploymentPostprocessing = 0;
		};
/* End PBXSourcesBuildPhase section */

/* Begin PBXTargetDependency section */
		428160D41ACA806200BB0235 /* PBXTargetDependency */ = {
			isa = PBXTargetDependency;
			target = 428160B81ACA806200BB0235 /* 0331ScrollViewPractice */;
			targetProxy = 428160D31ACA806200BB0235 /* PBXContainerItemProxy */;
		};
/* End PBXTargetDependency section */

/* Begin PBXVariantGroup section */
		428160C61ACA806200BB0235 /* Main.storyboard */ = {
			isa = PBXVariantGroup;
			children = (
				428160C71ACA806200BB0235 /* Base */,
			);
			name = Main.storyboard;
			sourceTree = "<group>";
		};
		428160CB1ACA806200BB0235 /* LaunchScreen.xib */ = {
			isa = PBXVariantGroup;
			children = (
				428160CC1ACA806200BB0235 /* Base */,
			);
			name = LaunchScreen.xib;
			sourceTree = "<group>";
		};
/* End PBXVariantGroup section */

/* Begin XCBuildConfiguration section */
		428160DA1ACA806200BB0235 /* Debug */ = {
			isa = XCBuildConfiguration;
			buildSettings = {
				ALWAYS_SEARCH_USER_PATHS = NO;
				CLANG_CXX_LANGUAGE_STANDARD = "gnu++0x";
				CLANG_CXX_LIBRARY = "libc++";
				CLANG_ENABLE_MODULES = YES;
				CLANG_ENABLE_OBJC_ARC = YES;
				CLANG_WARN_BOOL_CONVERSION = YES;
				CLANG_WARN_CONSTANT_CONVERSION = YES;
				CLANG_WARN_DIRECT_OBJC_ISA_USAGE = YES_ERROR;
				CLANG_WARN_EMPTY_BODY = YES;
				CLANG_WARN_ENUM_CONVERSION = YES;
				CLANG_WARN_INT_CONVERSION = YES;
				CLANG_WARN_OBJC_ROOT_CLASS = YES_ERROR;
				CLANG_WARN_UNREACHABLE_CODE = YES;
				CLANG_WARN__DUPLICATE_METHOD_MATCH = YES;
				"CODE_SIGN_IDENTITY[sdk=iphoneos*]" = "iPhone Developer";
				COPY_PHASE_STRIP = NO;
				ENABLE_STRICT_OBJC_MSGSEND = YES;
				GCC_C_LANGUAGE_STANDARD = gnu99;
				GCC_DYNAMIC_NO_PIC = NO;
				GCC_OPTIMIZATION_LEVEL = 0;
				GCC_PREPROCESSOR_DEFINITIONS = (
					"DEBUG=1",
					"$(inherited)",
				);
				GCC_SYMBOLS_PRIVATE_EXTERN = NO;
				GCC_WARN_64_TO_32_BIT_CONVERSION = YES;
				GCC_WARN_ABOUT_RETURN_TYPE = YES_ERROR;
				GCC_WARN_UNDECLARED_SELECTOR = YES;
				GCC_WARN_UNINITIALIZED_AUTOS = YES_AGGRESSIVE;
				GCC_WARN_UNUSED_FUNCTION = YES;
				GCC_WARN_UNUSED_VARIABLE = YES;
				IPHONEOS_DEPLOYMENT_TARGET = 8.2;
				MTL_ENABLE_DEBUG_INFO = YES;
				ONLY_ACTIVE_ARCH = YES;
				SDKROOT = iphoneos;
			};
			name = Debug;
		};
		428160DB1ACA806200BB0235 /* Release */ = {
			isa = XCBuildConfiguration;
			buildSettings = {
				ALWAYS_SEARCH_USER_PATHS = NO;
				CLANG_CXX_LANGUAGE_STANDARD = "gnu++0x";
				CLANG_CXX_LIBRARY = "libc++";
				CLANG_ENABLE_MODULES = YES;
				CLANG_ENABLE_OBJC_ARC = YES;
				CLANG_WARN_BOOL_CONVERSION = YES;
				CLANG_WARN_CONSTANT_CONVERSION = YES;
				CLANG_WARN_DIRECT_OBJC_ISA_USAGE = YES_ERROR;
				CLANG_WARN_EMPTY_BODY = YES;
				CLANG_WARN_ENUM_CONVERSION = YES;
				CLANG_WARN_INT_CONVERSION = YES;
				CLANG_WARN_OBJC_ROOT_CLASS = YES_ERROR;
				CLANG_WARN_UNREACHABLE_CODE = YES;
				CLANG_WARN__DUPLICATE_METHOD_MATCH = YES;
				"CODE_SIGN_IDENTITY[sdk=iphoneos*]" = "iPhone Developer";
				COPY_PHASE_STRIP = NO;
				ENABLE_NS_ASSERTIONS = NO;
				ENABLE_STRICT_OBJC_MSGSEND = YES;
				GCC_C_LANGUAGE_STANDARD = gnu99;
				GCC_WARN_64_TO_32_BIT_CONVERSION = YES;
				GCC_WARN_ABOUT_RETURN_TYPE = YES_ERROR;
				GCC_WARN_UNDECLARED_SELECTOR = YES;
				GCC_WARN_UNINITIALIZED_AUTOS = YES_AGGRESSIVE;
				GCC_WARN_UNUSED_FUNCTION = YES;
				GCC_WARN_UNUSED_VARIABLE = YES;
				IPHONEOS_DEPLOYMENT_TARGET = 8.2;
				MTL_ENABLE_DEBUG_INFO = NO;
				SDKROOT = iphoneos;
				VALIDATE_PRODUCT = YES;
			};
			name = Release;
		};
		428160DD1ACA806200BB0235 /* Debug */ = {
			isa = XCBuildConfiguration;
			buildSettings = {
				ASSETCATALOG_COMPILER_APPICON_NAME = AppIcon;
				INFOPLIST_FILE = 0331ScrollViewPractice/Info.plist;
				LD_RUNPATH_SEARCH_PATHS = "$(inherited) @executable_path/Frameworks";
				PRODUCT_NAME = "$(TARGET_NAME)";
			};
			name = Debug;
		};
		428160DE1ACA806200BB0235 /* Release */ = {
			isa = XCBuildConfiguration;
			buildSettings = {
				ASSETCATALOG_COMPILER_APPICON_NAME = AppIcon;
				INFOPLIST_FILE = 0331ScrollViewPractice/Info.plist;
				LD_RUNPATH_SEARCH_PATHS = "$(inherited) @executable_path/Frameworks";
				PRODUCT_NAME = "$(TARGET_NAME)";
			};
			name = Release;
		};
		428160E01ACA806200BB0235 /* Debug */ = {
			isa = XCBuildConfiguration;
			buildSettings = {
				BUNDLE_LOADER = "$(TEST_HOST)";
				FRAMEWORK_SEARCH_PATHS = (
					"$(SDKROOT)/Developer/Library/Frameworks",
					"$(inherited)",
				);
				GCC_PREPROCESSOR_DEFINITIONS = (
					"DEBUG=1",
					"$(inherited)",
				);
				INFOPLIST_FILE = 0331ScrollViewPracticeTests/Info.plist;
				LD_RUNPATH_SEARCH_PATHS = "$(inherited) @executable_path/Frameworks @loader_path/Frameworks";
				PRODUCT_NAME = "$(TARGET_NAME)";
				TEST_HOST = "$(BUILT_PRODUCTS_DIR)/0331ScrollViewPractice.app/0331ScrollViewPractice";
			};
			name = Debug;
		};
		428160E11ACA806200BB0235 /* Release */ = {
			isa = XCBuildConfiguration;
			buildSettings = {
				BUNDLE_LOADER = "$(TEST_HOST)";
				FRAMEWORK_SEARCH_PATHS = (
					"$(SDKROOT)/Developer/Library/Frameworks",
					"$(inherited)",
				);
				INFOPLIST_FILE = 0331ScrollViewPracticeTests/Info.plist;
				LD_RUNPATH_SEARCH_PATHS = "$(inherited) @executable_path/Frameworks @loader_path/Frameworks";
				PRODUCT_NAME = "$(TARGET_NAME)";
				TEST_HOST = "$(BUILT_PRODUCTS_DIR)/0331ScrollViewPractice.app/0331ScrollViewPractice";
			};
			name = Release;
		};
/* End XCBuildConfiguration section */

/* Begin XCConfigurationList section */
		428160B41ACA806200BB0235 /* Build configuration list for PBXProject "0331ScrollViewPractice" */ = {
			isa = XCConfigurationList;
			buildConfigurations = (
				428160DA1ACA806200BB0235 /* Debug */,
				428160DB1ACA806200BB0235 /* Release */,
			);
			defaultConfigurationIsVisible = 0;
			defaultConfigurationName = Release;
		};
		428160DC1ACA806200BB0235 /* Build configuration list for PBXNativeTarget "0331ScrollViewPractice" */ = {
			isa = XCConfigurationList;
			buildConfigurations = (
				428160DD1ACA806200BB0235 /* Debug */,
				428160DE1ACA806200BB0235 /* Release */,
			);
			defaultConfigurationIsVisible = 0;
		};
		428160DF1ACA806200BB0235 /* Build configuration list for PBXNativeTarget "0331ScrollViewPracticeTests" */ = {
			isa = XCConfigurationList;
			buildConfigurations = (
				428160E01ACA806200BB0235 /* Debug */,
				428160E11ACA806200BB0235 /* Release */,
			);
			defaultConfigurationIsVisible = 0;
		};
/* End XCConfigurationList section */
	};
	rootObject = 428160B11ACA806200BB0235 /* Project object */;
}
